
Microsoft Visual Studio Solution File, Format Version 12.00
# Visual Studio Version 17
VisualStudioVersion = 17.3.32922.545
MinimumVisualStudioVersion = 10.0.40219.1
Project("{8BC9CEB8-8B4A-11D0-8D11-00A0C91BC942}") = "Project", "Project.vcxproj", "{606E2B52-917B-41B1-9855-24E5FF3F98A5}"
EndProject
Global
	GlobalSection(SolutionConfigurationPlatforms) = preSolution
		Debug|x64 = Debug|x64
		Debug|x86 = Debug|x86
		Release|x64 = Release|x64
		Release|x86 = Release|x86
	EndGlobalSection
	GlobalSection(ProjectConfigurationPlatforms) = postSolution
		{606E2B52-917B-41B1-9855-24E5FF3F98A5}.Debug|x64.ActiveCfg = Debug|x64
		{606E2B52-917B-41B1-9855-24E5FF3F98A5}.Debug|x64.Build.0 = Debug|x64
		{606E2B52-917B-41B1-9855-24E5FF3F98A5}.Debug|x86.ActiveCfg = Debug|Win32
		{606E2B52-917B-41B1-9855-24E5FF3F98A5}.Debug|x86.Build.0 = Debug|Win32
		{606E2B52-917B-41B1-9855-24E5FF3F98A5}.Release|x64.ActiveCfg = Release|x64
		{606E2B52-917B-41B1-9855-24E5FF3F98A5}.Release|x64.Build.0 = Release|x64
		{606E2B52-917B-41B1-9855-24E5FF3F98A5}.Release|x86.ActiveCfg = Release|Win32
		{606E2B52-917B-41B1-9855-24E5FF3F98A5}.Release|x86.Build.0 = Release|Win32
	EndGlobalSection
	GlobalSection(SolutionProperties) = preSolution
		HideSolutionNode = FALSE
	EndGlobalSection
	GlobalSection(ExtensibilityGlobals) = postSolution
		SolutionGuid = {5452AE62-E87B-4D42-8CE0-CF42672462B3}
	EndGlobalSection
EndGlobal
